
Microsoft Visual Studio Solution File, Format Version 12.00
# Visual Studio Version 17
VisualStudioVersion = 17.5.002.0
MinimumVisualStudioVersion = 10.0.40219.1
Project("{9A19103F-16F7-4668-BE54-9A1E7A4F7556}") = "FapiQolPlugin", "FapiQolPlugin.csproj", "{36CFE417-72F1-4988-936A-0D63C1B926A6}"
EndProject
Global
	GlobalSection(SolutionConfigurationPlatforms) = preSolution
		Debug|Any CPU = Debug|Any CPU
		Release|Any CPU = Release|Any CPU
	EndGlobalSection
	GlobalSection(ProjectConfigurationPlatforms) = postSolution
		{36CFE417-72F1-4988-936A-0D63C1B926A6}.Debug|Any CPU.ActiveCfg = Debug|Any CPU
		{36CFE417-72F1-4988-936A-0D63C1B926A6}.Debug|Any CPU.Build.0 = Debug|Any CPU
		{36CFE417-72F1-4988-936A-0D63C1B926A6}.Release|Any CPU.ActiveCfg = Release|Any CPU
		{36CFE417-72F1-4988-936A-0D63C1B926A6}.Release|Any CPU.Build.0 = Release|Any CPU
	EndGlobalSection
	GlobalSection(SolutionProperties) = preSolution
		HideSolutionNode = FALSE
	EndGlobalSection
	GlobalSection(ExtensibilityGlobals) = postSolution
		SolutionGuid = {E0A53BF0-B71A-45BE-B9C7-77AF288A0CA2}
	EndGlobalSection
EndGlobal
